
Microsoft Visual Studio Solution File, Format Version 12.00
# Visual Studio Version 16
VisualStudioVersion = 16.0.29209.62
MinimumVisualStudioVersion = 15.0.26124.0
Project("{2150E333-8FDC-42A3-9474-1A3956D46DE8}") = "src", "src", "{5F411FC9-E161-47D0-9E34-B69745CCF313}"
EndProject
Project("{9A19103F-16F7-4668-BE54-9A1E7A4F7556}") = "FrontEnd", "src\FrontEnd\FrontEnd.csproj", "{64DA358F-2344-49CF-8264-ADEF20ABCB9E}"
EndProject
Project("{FAE04EC0-301F-11D3-BF4B-00C04F79EFBC}") = "Core", "src\Core\Core.csproj", "{FF5516D2-5D7B-4C13-A5AB-420E71CF3C14}"
EndProject
Project("{FAE04EC0-301F-11D3-BF4B-00C04F79EFBC}") = "Atalassian", "src\Atalassian\Atalassian.csproj", "{9F701F7C-EDE4-49DC-92A1-874875E7CDD7}"
EndProject
Global
	GlobalSection(SolutionConfigurationPlatforms) = preSolution
		Debug|Any CPU = Debug|Any CPU
		Debug|x64 = Debug|x64
		Debug|x86 = Debug|x86
		Release|Any CPU = Release|Any CPU
		Release|x64 = Release|x64
		Release|x86 = Release|x86
	EndGlobalSection
	GlobalSection(ProjectConfigurationPlatforms) = postSolution
		{64DA358F-2344-49CF-8264-ADEF20ABCB9E}.Debug|Any CPU.ActiveCfg = Debug|Any CPU
		{64DA358F-2344-49CF-8264-ADEF20ABCB9E}.Debug|Any CPU.Build.0 = Debug|Any CPU
		{64DA358F-2344-49CF-8264-ADEF20ABCB9E}.Debug|x64.ActiveCfg = Debug|Any CPU
		{64DA358F-2344-49CF-8264-ADEF20ABCB9E}.Debug|x64.Build.0 = Debug|Any CPU
		{64DA358F-2344-49CF-8264-ADEF20ABCB9E}.Debug|x86.ActiveCfg = Debug|Any CPU
		{64DA358F-2344-49CF-8264-ADEF20ABCB9E}.Debug|x86.Build.0 = Debug|Any CPU
		{64DA358F-2344-49CF-8264-ADEF20ABCB9E}.Release|Any CPU.ActiveCfg = Release|Any CPU
		{64DA358F-2344-49CF-8264-ADEF20ABCB9E}.Release|Any CPU.Build.0 = Release|Any CPU
		{64DA358F-2344-49CF-8264-ADEF20ABCB9E}.Release|x64.ActiveCfg = Release|Any CPU
		{64DA358F-2344-49CF-8264-ADEF20ABCB9E}.Release|x64.Build.0 = Release|Any CPU
		{64DA358F-2344-49CF-8264-ADEF20ABCB9E}.Release|x86.ActiveCfg = Release|Any CPU
		{64DA358F-2344-49CF-8264-ADEF20ABCB9E}.Release|x86.Build.0 = Release|Any CPU
		{FF5516D2-5D7B-4C13-A5AB-420E71CF3C14}.Debug|Any CPU.ActiveCfg = Debug|Any CPU
		{FF5516D2-5D7B-4C13-A5AB-420E71CF3C14}.Debug|Any CPU.Build.0 = Debug|Any CPU
		{FF5516D2-5D7B-4C13-A5AB-420E71CF3C14}.Debug|x64.ActiveCfg = Debug|Any CPU
		{FF5516D2-5D7B-4C13-A5AB-420E71CF3C14}.Debug|x64.Build.0 = Debug|Any CPU
		{FF5516D2-5D7B-4C13-A5AB-420E71CF3C14}.Debug|x86.ActiveCfg = Debug|Any CPU
		{FF5516D2-5D7B-4C13-A5AB-420E71CF3C14}.Debug|x86.Build.0 = Debug|Any CPU
		{FF5516D2-5D7B-4C13-A5AB-420E71CF3C14}.Release|Any CPU.ActiveCfg = Release|Any CPU
		{FF5516D2-5D7B-4C13-A5AB-420E71CF3C14}.Release|Any CPU.Build.0 = Release|Any CPU
		{FF5516D2-5D7B-4C13-A5AB-420E71CF3C14}.Release|x64.ActiveCfg = Release|Any CPU
		{FF5516D2-5D7B-4C13-A5AB-420E71CF3C14}.Release|x64.Build.0 = Release|Any CPU
		{FF5516D2-5D7B-4C13-A5AB-420E71CF3C14}.Release|x86.ActiveCfg = Release|Any CPU
		{FF5516D2-5D7B-4C13-A5AB-420E71CF3C14}.Release|x86.Build.0 = Release|Any CPU
		{9F701F7C-EDE4-49DC-92A1-874875E7CDD7}.Debug|Any CPU.ActiveCfg = Debug|Any CPU
		{9F701F7C-EDE4-49DC-92A1-874875E7CDD7}.Debug|Any CPU.Build.0 = Debug|Any CPU
		{9F701F7C-EDE4-49DC-92A1-874875E7CDD7}.Debug|x64.ActiveCfg = Debug|Any CPU
		{9F701F7C-EDE4-49DC-92A1-874875E7CDD7}.Debug|x64.Build.0 = Debug|Any CPU
		{9F701F7C-EDE4-49DC-92A1-874875E7CDD7}.Debug|x86.ActiveCfg = Debug|Any CPU
		{9F701F7C-EDE4-49DC-92A1-874875E7CDD7}.Debug|x86.Build.0 = Debug|Any CPU
		{9F701F7C-EDE4-49DC-92A1-874875E7CDD7}.Release|Any CPU.ActiveCfg = Release|Any CPU
		{9F701F7C-EDE4-49DC-92A1-874875E7CDD7}.Release|Any CPU.Build.0 = Release|Any CPU
		{9F701F7C-EDE4-49DC-92A1-874875E7CDD7}.Release|x64.ActiveCfg = Release|Any CPU
		{9F701F7C-EDE4-49DC-92A1-874875E7CDD7}.Release|x64.Build.0 = Release|Any CPU
		{9F701F7C-EDE4-49DC-92A1-874875E7CDD7}.Release|x86.ActiveCfg = Release|Any CPU
		{9F701F7C-EDE4-49DC-92A1-874875E7CDD7}.Release|x86.Build.0 = Release|Any CPU
	EndGlobalSection
	GlobalSection(SolutionProperties) = preSolution
		HideSolutionNode = FALSE
	EndGlobalSection
	GlobalSection(NestedProjects) = preSolution
		{64DA358F-2344-49CF-8264-ADEF20ABCB9E} = {5F411FC9-E161-47D0-9E34-B69745CCF313}
		{FF5516D2-5D7B-4C13-A5AB-420E71CF3C14} = {5F411FC9-E161-47D0-9E34-B69745CCF313}
		{9F701F7C-EDE4-49DC-92A1-874875E7CDD7} = {5F411FC9-E161-47D0-9E34-B69745CCF313}
	EndGlobalSection
	GlobalSection(ExtensibilityGlobals) = postSolution
		SolutionGuid = {BF4A991D-8868-480E-ACC8-B11618FCCFB1}
	EndGlobalSection
EndGlobal
